
Microsoft Visual Studio Solution File, Format Version 12.00
# Visual Studio Version 17
VisualStudioVersion = 17.9.34728.123
MinimumVisualStudioVersion = 10.0.40219.1
Project("{FAE04EC0-301F-11D3-BF4B-00C04F79EFBC}") = "task11", "task11\task11.csproj", "{032E211C-3D09-432E-B762-882E66F00E4F}"
EndProject
Global
	GlobalSection(SolutionConfigurationPlatforms) = preSolution
		Debug|Any CPU = Debug|Any CPU
		Release|Any CPU = Release|Any CPU
	EndGlobalSection
	GlobalSection(ProjectConfigurationPlatforms) = postSolution
		{032E211C-3D09-432E-B762-882E66F00E4F}.Debug|Any CPU.ActiveCfg = Debug|Any CPU
		{032E211C-3D09-432E-B762-882E66F00E4F}.Debug|Any CPU.Build.0 = Debug|Any CPU
		{032E211C-3D09-432E-B762-882E66F00E4F}.Release|Any CPU.ActiveCfg = Release|Any CPU
		{032E211C-3D09-432E-B762-882E66F00E4F}.Release|Any CPU.Build.0 = Release|Any CPU
	EndGlobalSection
	GlobalSection(SolutionProperties) = preSolution
		HideSolutionNode = FALSE
	EndGlobalSection
	GlobalSection(ExtensibilityGlobals) = postSolution
		SolutionGuid = {4C1B8D3D-92E1-4645-903B-9EB4156C5557}
	EndGlobalSection
EndGlobal
